# This file is autogenerated, do not edit; changes may be undone by the next 'dep ensure'.


[[projects]]
  branch = "master"
  digest = "1:79693788b444b966d4a8ff8a0d30c92daa2b186214e98b6e2e3ed5f3a4dfe54c"
  name = "github.com/benbjohnson/phantomjs"
  packages = ["."]
  pruneopts = "UT"
  revision = "1b81734f7877b51cadd82ee32663ae88f630469c"

[[projects]]
  branch = "master"
  digest = "1:e999355e6e0b453f1a236a226c1961de76a965bdf1be1039bd940e2490348625"
  name = "github.com/junzh0u/ioutilx"
  packages = ["."]
  pruneopts = "UT"
  revision = "f6da07765239fa8b0fd63adc3a3a6a5699c162d9"

[[projects]]
  branch = "master"
  digest = "1:a02aa415a75c3de7ea637f7cf5551bdb1bf72f7b0eae6a462e835d6fbed4e426"
  name = "golang.org/x/net"
  packages = [
    "html",
    "html/atom",
    "html/charset",
  ]
  pruneopts = "UT"
  revision = "922f4815f713f213882e8ef45e0d315b164d705c"

[[projects]]
  digest = "1:aa4d6967a3237f8367b6bf91503964a77183ecf696f1273e8ad3551bb4412b5f"
  name = "golang.org/x/text"
  packages = [
    "encoding",
    "encoding/charmap",
    "encoding/htmlindex",
    "encoding/internal",
    "encoding/internal/identifier",
    "encoding/japanese",
    "encoding/korean",
    "encoding/simplifiedchinese",
    "encoding/traditionalchinese",
    "encoding/unicode",
    "internal/gen",
    "internal/tag",
    "internal/utf8internal",
    "language",
    "runes",
    "transform",
    "unicode/cldr",
  ]
  pruneopts = "UT"
  revision = "f21a4dfb5e38f5895301dc265a8def02365cc3d0"
  version = "v0.3.0"

[solve-meta]
  analyzer-name = "dep"
  analyzer-version = 1
  input-imports = [
    "github.com/benbjohnson/phantomjs",
    "github.com/junzh0u/ioutilx",
    "golang.org/x/net/html/charset",
  ]
  solver-name = "gps-cdcl"
  solver-version = 1
